
Microsoft Visual Studio Solution File, Format Version 12.00
# Visual Studio Version 16
VisualStudioVersion = 16.0.31402.337
MinimumVisualStudioVersion = 10.0.40219.1
Project("{FAE04EC0-301F-11D3-BF4B-00C04F79EFBC}") = "Program5", "Program5\Program5.csproj", "{552199EF-C944-44CF-B018-DAEA42DF02C8}"
EndProject
Global
	GlobalSection(SolutionConfigurationPlatforms) = preSolution
		Debug|Any CPU = Debug|Any CPU
		Release|Any CPU = Release|Any CPU
	EndGlobalSection
	GlobalSection(ProjectConfigurationPlatforms) = postSolution
		{552199EF-C944-44CF-B018-DAEA42DF02C8}.Debug|Any CPU.ActiveCfg = Debug|Any CPU
		{552199EF-C944-44CF-B018-DAEA42DF02C8}.Debug|Any CPU.Build.0 = Debug|Any CPU
		{552199EF-C944-44CF-B018-DAEA42DF02C8}.Release|Any CPU.ActiveCfg = Release|Any CPU
		{552199EF-C944-44CF-B018-DAEA42DF02C8}.Release|Any CPU.Build.0 = Release|Any CPU
	EndGlobalSection
	GlobalSection(SolutionProperties) = preSolution
		HideSolutionNode = FALSE
	EndGlobalSection
	GlobalSection(ExtensibilityGlobals) = postSolution
		SolutionGuid = {1F13B527-4223-4EBC-A335-EF94E91C77F7}
	EndGlobalSection
EndGlobal
