
Microsoft Visual Studio Solution File, Format Version 12.00
# Visual Studio Version 16
VisualStudioVersion = 16.0.31313.79
MinimumVisualStudioVersion = 10.0.40219.1
Project("{FAE04EC0-301F-11D3-BF4B-00C04F79EFBC}") = "stringpremutation", "stringpremutation.csproj", "{B095FA06-ABC5-4E65-936B-7B1430233122}"
EndProject
Global
	GlobalSection(SolutionConfigurationPlatforms) = preSolution
		Debug|Any CPU = Debug|Any CPU
		Release|Any CPU = Release|Any CPU
	EndGlobalSection
	GlobalSection(ProjectConfigurationPlatforms) = postSolution
		{B095FA06-ABC5-4E65-936B-7B1430233122}.Debug|Any CPU.ActiveCfg = Debug|Any CPU
		{B095FA06-ABC5-4E65-936B-7B1430233122}.Debug|Any CPU.Build.0 = Debug|Any CPU
		{B095FA06-ABC5-4E65-936B-7B1430233122}.Release|Any CPU.ActiveCfg = Release|Any CPU
		{B095FA06-ABC5-4E65-936B-7B1430233122}.Release|Any CPU.Build.0 = Release|Any CPU
	EndGlobalSection
	GlobalSection(SolutionProperties) = preSolution
		HideSolutionNode = FALSE
	EndGlobalSection
	GlobalSection(ExtensibilityGlobals) = postSolution
		SolutionGuid = {4464EBED-AA8A-4128-B9AA-ECD7497C9A15}
	EndGlobalSection
EndGlobal
