
Microsoft Visual Studio Solution File, Format Version 12.00
# Visual Studio Version 16
VisualStudioVersion = 16.0.31410.357
MinimumVisualStudioVersion = 10.0.40219.1
Project("{FAE04EC0-301F-11D3-BF4B-00C04F79EFBC}") = "APIcrud", "APIcrud\APIcrud.csproj", "{12CFB9BE-B40F-4757-9F1A-731D203289D9}"
EndProject
Global
	GlobalSection(SolutionConfigurationPlatforms) = preSolution
		Debug|Any CPU = Debug|Any CPU
		Release|Any CPU = Release|Any CPU
	EndGlobalSection
	GlobalSection(ProjectConfigurationPlatforms) = postSolution
		{12CFB9BE-B40F-4757-9F1A-731D203289D9}.Debug|Any CPU.ActiveCfg = Debug|Any CPU
		{12CFB9BE-B40F-4757-9F1A-731D203289D9}.Debug|Any CPU.Build.0 = Debug|Any CPU
		{12CFB9BE-B40F-4757-9F1A-731D203289D9}.Release|Any CPU.ActiveCfg = Release|Any CPU
		{12CFB9BE-B40F-4757-9F1A-731D203289D9}.Release|Any CPU.Build.0 = Release|Any CPU
	EndGlobalSection
	GlobalSection(SolutionProperties) = preSolution
		HideSolutionNode = FALSE
	EndGlobalSection
	GlobalSection(ExtensibilityGlobals) = postSolution
		SolutionGuid = {9CDA237B-5CFD-404D-BE38-710FA916D0E0}
	EndGlobalSection
EndGlobal
