
Microsoft Visual Studio Solution File, Format Version 12.00
# Visual Studio Version 16
VisualStudioVersion = 16.0.31410.357
MinimumVisualStudioVersion = 10.0.40219.1
Project("{FAE04EC0-301F-11D3-BF4B-00C04F79EFBC}") = "Number Search", "Number Search\Number Search.csproj", "{D4228C95-4D29-42FD-8BB5-6A133EF0750A}"
EndProject
Global
	GlobalSection(SolutionConfigurationPlatforms) = preSolution
		Debug|Any CPU = Debug|Any CPU
		Release|Any CPU = Release|Any CPU
	EndGlobalSection
	GlobalSection(ProjectConfigurationPlatforms) = postSolution
		{D4228C95-4D29-42FD-8BB5-6A133EF0750A}.Debug|Any CPU.ActiveCfg = Debug|Any CPU
		{D4228C95-4D29-42FD-8BB5-6A133EF0750A}.Debug|Any CPU.Build.0 = Debug|Any CPU
		{D4228C95-4D29-42FD-8BB5-6A133EF0750A}.Release|Any CPU.ActiveCfg = Release|Any CPU
		{D4228C95-4D29-42FD-8BB5-6A133EF0750A}.Release|Any CPU.Build.0 = Release|Any CPU
	EndGlobalSection
	GlobalSection(SolutionProperties) = preSolution
		HideSolutionNode = FALSE
	EndGlobalSection
	GlobalSection(ExtensibilityGlobals) = postSolution
		SolutionGuid = {45D4E8A9-E397-4D37-B166-9C1FDD1CDFAF}
	EndGlobalSection
EndGlobal
