
Microsoft Visual Studio Solution File, Format Version 12.00
# Visual Studio Version 16
VisualStudioVersion = 16.0.31410.357
MinimumVisualStudioVersion = 10.0.40219.1
Project("{FAE04EC0-301F-11D3-BF4B-00C04F79EFBC}") = "WebAPI", "WebAPI\WebAPI.csproj", "{8EB2D577-2CD3-41A4-A05A-D3B214C622DC}"
EndProject
Global
	GlobalSection(SolutionConfigurationPlatforms) = preSolution
		Debug|Any CPU = Debug|Any CPU
		Release|Any CPU = Release|Any CPU
	EndGlobalSection
	GlobalSection(ProjectConfigurationPlatforms) = postSolution
		{8EB2D577-2CD3-41A4-A05A-D3B214C622DC}.Debug|Any CPU.ActiveCfg = Debug|Any CPU
		{8EB2D577-2CD3-41A4-A05A-D3B214C622DC}.Debug|Any CPU.Build.0 = Debug|Any CPU
		{8EB2D577-2CD3-41A4-A05A-D3B214C622DC}.Release|Any CPU.ActiveCfg = Release|Any CPU
		{8EB2D577-2CD3-41A4-A05A-D3B214C622DC}.Release|Any CPU.Build.0 = Release|Any CPU
	EndGlobalSection
	GlobalSection(SolutionProperties) = preSolution
		HideSolutionNode = FALSE
	EndGlobalSection
	GlobalSection(ExtensibilityGlobals) = postSolution
		SolutionGuid = {10073FDB-694E-4340-80D1-663666BF0A73}
	EndGlobalSection
EndGlobal
