
Microsoft Visual Studio Solution File, Format Version 12.00
# Visual Studio Version 16
VisualStudioVersion = 16.0.31313.79
MinimumVisualStudioVersion = 10.0.40219.1
Project("{FAE04EC0-301F-11D3-BF4B-00C04F79EFBC}") = "elevator", "elevator.csproj", "{ED8961E9-D097-4286-AC44-307F334FBBE7}"
EndProject
Global
	GlobalSection(SolutionConfigurationPlatforms) = preSolution
		Debug|Any CPU = Debug|Any CPU
		Release|Any CPU = Release|Any CPU
	EndGlobalSection
	GlobalSection(ProjectConfigurationPlatforms) = postSolution
		{ED8961E9-D097-4286-AC44-307F334FBBE7}.Debug|Any CPU.ActiveCfg = Debug|Any CPU
		{ED8961E9-D097-4286-AC44-307F334FBBE7}.Debug|Any CPU.Build.0 = Debug|Any CPU
		{ED8961E9-D097-4286-AC44-307F334FBBE7}.Release|Any CPU.ActiveCfg = Release|Any CPU
		{ED8961E9-D097-4286-AC44-307F334FBBE7}.Release|Any CPU.Build.0 = Release|Any CPU
	EndGlobalSection
	GlobalSection(SolutionProperties) = preSolution
		HideSolutionNode = FALSE
	EndGlobalSection
	GlobalSection(ExtensibilityGlobals) = postSolution
		SolutionGuid = {9B6A17AB-26CE-4E1C-A055-26C54F588E17}
	EndGlobalSection
EndGlobal
